
Microsoft Visual Studio Solution File, Format Version 12.00
# Visual Studio 15
VisualStudioVersion = 15.0.26730.15
MinimumVisualStudioVersion = 10.0.40219.1
Project("{FAE04EC0-301F-11D3-BF4B-00C04F79EFBC}") = "COMP1004Promotion_Lesson2", "COMP1004Promotion_Lesson2\COMP1004Promotion_Lesson2.csproj", "{4FF69396-299A-43E8-BFAA-87874259B29B}"
EndProject
Global
	GlobalSection(SolutionConfigurationPlatforms) = preSolution
		Debug|Any CPU = Debug|Any CPU
		Release|Any CPU = Release|Any CPU
	EndGlobalSection
	GlobalSection(ProjectConfigurationPlatforms) = postSolution
		{4FF69396-299A-43E8-BFAA-87874259B29B}.Debug|Any CPU.ActiveCfg = Debug|Any CPU
		{4FF69396-299A-43E8-BFAA-87874259B29B}.Debug|Any CPU.Build.0 = Debug|Any CPU
		{4FF69396-299A-43E8-BFAA-87874259B29B}.Release|Any CPU.ActiveCfg = Release|Any CPU
		{4FF69396-299A-43E8-BFAA-87874259B29B}.Release|Any CPU.Build.0 = Release|Any CPU
	EndGlobalSection
	GlobalSection(SolutionProperties) = preSolution
		HideSolutionNode = FALSE
	EndGlobalSection
	GlobalSection(ExtensibilityGlobals) = postSolution
		SolutionGuid = {EA9F7EC3-A3D2-48AB-B228-82121FE3B394}
	EndGlobalSection
EndGlobal
